// !$*UTF8*$!
{
	archiveVersion = 1;
	classes = {
	};
	objectVersion = 56;
	objects = {

/* Begin PBXBuildFile section */
		2A8249742B519B9500EC14CE /* MyGithubApp.swift in Sources */ = {isa = PBXBuildFile; fileRef = 2A8249732B519B9500EC14CE /* MyGithubApp.swift */; };
		2A8249782B519B9600EC14CE /* Assets.xcassets in Resources */ = {isa = PBXBuildFile; fileRef = 2A8249772B519B9600EC14CE /* Assets.xcassets */; };
		2A82497B2B519B9600EC14CE /* Preview Assets.xcassets in Resources */ = {isa = PBXBuildFile; fileRef = 2A82497A2B519B9600EC14CE /* Preview Assets.xcassets */; };
		2A8249852B519B9600EC14CE /* MyGithubTests.swift in Sources */ = {isa = PBXBuildFile; fileRef = 2A8249842B519B9600EC14CE /* MyGithubTests.swift */; };
		2AC9E2FC2B526C410088B76E /* HomeView.swift in Sources */ = {isa = PBXBuildFile; fileRef = 2AC9E2FB2B526C410088B76E /* HomeView.swift */; };
		2AC9E3022B53DB020088B76E /* Constant.swift in Sources */ = {isa = PBXBuildFile; fileRef = 2AC9E3012B53DB020088B76E /* Constant.swift */; };
		2AC9E3042B53DD620088B76E /* HomeViewModel.swift in Sources */ = {isa = PBXBuildFile; fileRef = 2AC9E3032B53DD620088B76E /* HomeViewModel.swift */; };
		2AC9E3072B53E1DD0088B76E /* View+Extension.swift in Sources */ = {isa = PBXBuildFile; fileRef = 2AC9E3062B53E1DD0088B76E /* View+Extension.swift */; };
		2AC9E30F2B53E76C0088B76E /* Container.swift in Sources */ = {isa = PBXBuildFile; fileRef = 2AC9E30E2B53E76C0088B76E /* Container.swift */; };
		2AC9E3122B54276C0088B76E /* Factory in Frameworks */ = {isa = PBXBuildFile; productRef = 2AC9E3112B54276C0088B76E /* Factory */; };
/* End PBXBuildFile section */

/* Begin PBXContainerItemProxy section */
		2A8249812B519B9600EC14CE /* PBXContainerItemProxy */ = {
			isa = PBXContainerItemProxy;
			containerPortal = 2A8249682B519B9500EC14CE /* Project object */;
			proxyType = 1;
			remoteGlobalIDString = 2A82496F2B519B9500EC14CE;
			remoteInfo = MyGithub;
		};
/* End PBXContainerItemProxy section */

/* Begin PBXFileReference section */
		2A8249702B519B9500EC14CE /* MyGithub.app */ = {isa = PBXFileReference; explicitFileType = wrapper.application; includeInIndex = 0; path = MyGithub.app; sourceTree = BUILT_PRODUCTS_DIR; };
		2A8249732B519B9500EC14CE /* MyGithubApp.swift */ = {isa = PBXFileReference; lastKnownFileType = sourcecode.swift; path = MyGithubApp.swift; sourceTree = "<group>"; };
		2A8249772B519B9600EC14CE /* Assets.xcassets */ = {isa = PBXFileReference; lastKnownFileType = folder.assetcatalog; path = Assets.xcassets; sourceTree = "<group>"; };
		2A82497A2B519B9600EC14CE /* Preview Assets.xcassets */ = {isa = PBXFileReference; lastKnownFileType = folder.assetcatalog; path = "Preview Assets.xcassets"; sourceTree = "<group>"; };
		2A8249802B519B9600EC14CE /* MyGithubTests.xctest */ = {isa = PBXFileReference; explicitFileType = wrapper.cfbundle; includeInIndex = 0; path = MyGithubTests.xctest; sourceTree = BUILT_PRODUCTS_DIR; };
		2A8249842B519B9600EC14CE /* MyGithubTests.swift */ = {isa = PBXFileReference; lastKnownFileType = sourcecode.swift; path = MyGithubTests.swift; sourceTree = "<group>"; };
		2AC9E2FB2B526C410088B76E /* HomeView.swift */ = {isa = PBXFileReference; lastKnownFileType = sourcecode.swift; path = HomeView.swift; sourceTree = "<group>"; };
		2AC9E3012B53DB020088B76E /* Constant.swift */ = {isa = PBXFileReference; lastKnownFileType = sourcecode.swift; path = Constant.swift; sourceTree = "<group>"; };
		2AC9E3032B53DD620088B76E /* HomeViewModel.swift */ = {isa = PBXFileReference; lastKnownFileType = sourcecode.swift; path = HomeViewModel.swift; sourceTree = "<group>"; };
		2AC9E3062B53E1DD0088B76E /* View+Extension.swift */ = {isa = PBXFileReference; lastKnownFileType = sourcecode.swift; path = "View+Extension.swift"; sourceTree = "<group>"; };
		2AC9E30E2B53E76C0088B76E /* Container.swift */ = {isa = PBXFileReference; lastKnownFileType = sourcecode.swift; path = Container.swift; sourceTree = "<group>"; };
/* End PBXFileReference section */

/* Begin PBXFrameworksBuildPhase section */
		2A82496D2B519B9500EC14CE /* Frameworks */ = {
			isa = PBXFrameworksBuildPhase;
			buildActionMask = 2147483647;
			files = (
				2AC9E3122B54276C0088B76E /* Factory in Frameworks */,
			);
			runOnlyForDeploymentPostprocessing = 0;
		};
		2A82497D2B519B9600EC14CE /* Frameworks */ = {
			isa = PBXFrameworksBuildPhase;
			buildActionMask = 2147483647;
			files = (
			);
			runOnlyForDeploymentPostprocessing = 0;
		};
/* End PBXFrameworksBuildPhase section */

/* Begin PBXGroup section */
		2A8249672B519B9500EC14CE = {
			isa = PBXGroup;
			children = (
				2A8249722B519B9500EC14CE /* MyGithub */,
				2A8249832B519B9600EC14CE /* MyGithubTests */,
				2A8249712B519B9500EC14CE /* Products */,
			);
			sourceTree = "<group>";
		};
		2A8249712B519B9500EC14CE /* Products */ = {
			isa = PBXGroup;
			children = (
				2A8249702B519B9500EC14CE /* MyGithub.app */,
				2A8249802B519B9600EC14CE /* MyGithubTests.xctest */,
			);
			name = Products;
			sourceTree = "<group>";
		};
		2A8249722B519B9500EC14CE /* MyGithub */ = {
			isa = PBXGroup;
			children = (
				2A8249732B519B9500EC14CE /* MyGithubApp.swift */,
				2AC9E3002B53DAE00088B76E /* System */,
				2AC9E2F02B519F1B0088B76E /* Injected */,
				2AC9E2F32B519F400088B76E /* Models */,
				2AC9E2F82B51A0230088B76E /* Services */,
				2AC9E2F12B519F260088B76E /* Repositories */,
				2AC9E2F22B519F390088B76E /* Presentation */,
				2AC9E2F92B51A03A0088B76E /* Utilities */,
				2AC9E2F72B51A0120088B76E /* Resources */,
			);
			path = MyGithub;
			sourceTree = "<group>";
		};
		2A8249792B519B9600EC14CE /* Preview Content */ = {
			isa = PBXGroup;
			children = (
				2A82497A2B519B9600EC14CE /* Preview Assets.xcassets */,
			);
			path = "Preview Content";
			sourceTree = "<group>";
		};
		2A8249832B519B9600EC14CE /* MyGithubTests */ = {
			isa = PBXGroup;
			children = (
				2A8249842B519B9600EC14CE /* MyGithubTests.swift */,
			);
			path = MyGithubTests;
			sourceTree = "<group>";
		};
		2AC9E2F02B519F1B0088B76E /* Injected */ = {
			isa = PBXGroup;
			children = (
				2AC9E30E2B53E76C0088B76E /* Container.swift */,
			);
			path = Injected;
			sourceTree = "<group>";
		};
		2AC9E2F12B519F260088B76E /* Repositories */ = {
			isa = PBXGroup;
			children = (
			);
			path = Repositories;
			sourceTree = "<group>";
		};
		2AC9E2F22B519F390088B76E /* Presentation */ = {
			isa = PBXGroup;
			children = (
				2AC9E3062B53E1DD0088B76E /* View+Extension.swift */,
				2AC9E2F42B519F720088B76E /* Components */,
				2AC9E2F52B519F7E0088B76E /* Screens */,
			);
			path = Presentation;
			sourceTree = "<group>";
		};
		2AC9E2F32B519F400088B76E /* Models */ = {
			isa = PBXGroup;
			children = (
			);
			path = Models;
			sourceTree = "<group>";
		};
		2AC9E2F42B519F720088B76E /* Components */ = {
			isa = PBXGroup;
			children = (
			);
			path = Components;
			sourceTree = "<group>";
		};
		2AC9E2F52B519F7E0088B76E /* Screens */ = {
			isa = PBXGroup;
			children = (
				2AC9E2FA2B526C110088B76E /* Home */,
				2AC9E2FD2B52864F0088B76E /* Profile */,
				2AC9E2FE2B52865A0088B76E /* RepoList */,
			);
			path = Screens;
			sourceTree = "<group>";
		};
		2AC9E2F72B51A0120088B76E /* Resources */ = {
			isa = PBXGroup;
			children = (
				2A8249772B519B9600EC14CE /* Assets.xcassets */,
				2A8249792B519B9600EC14CE /* Preview Content */,
			);
			path = Resources;
			sourceTree = "<group>";
		};
		2AC9E2F82B51A0230088B76E /* Services */ = {
			isa = PBXGroup;
			children = (
			);
			path = Services;
			sourceTree = "<group>";
		};
		2AC9E2F92B51A03A0088B76E /* Utilities */ = {
			isa = PBXGroup;
			children = (
			);
			path = Utilities;
			sourceTree = "<group>";
		};
		2AC9E2FA2B526C110088B76E /* Home */ = {
			isa = PBXGroup;
			children = (
				2AC9E2FB2B526C410088B76E /* HomeView.swift */,
				2AC9E3032B53DD620088B76E /* HomeViewModel.swift */,
			);
			path = Home;
			sourceTree = "<group>";
		};
		2AC9E2FD2B52864F0088B76E /* Profile */ = {
			isa = PBXGroup;
			children = (
			);
			path = Profile;
			sourceTree = "<group>";
		};
		2AC9E2FE2B52865A0088B76E /* RepoList */ = {
			isa = PBXGroup;
			children = (
			);
			path = RepoList;
			sourceTree = "<group>";
		};
		2AC9E3002B53DAE00088B76E /* System */ = {
			isa = PBXGroup;
			children = (
				2AC9E3012B53DB020088B76E /* Constant.swift */,
			);
			path = System;
			sourceTree = "<group>";
		};
/* End PBXGroup section */

/* Begin PBXNativeTarget section */
		2A82496F2B519B9500EC14CE /* MyGithub */ = {
			isa = PBXNativeTarget;
			buildConfigurationList = 2A8249942B519B9600EC14CE /* Build configuration list for PBXNativeTarget "MyGithub" */;
			buildPhases = (
				2A82496C2B519B9500EC14CE /* Sources */,
				2A82496D2B519B9500EC14CE /* Frameworks */,
				2A82496E2B519B9500EC14CE /* Resources */,
				2AC9E2FF2B53D2F10088B76E /* Run Swiftlint */,
			);
			buildRules = (
			);
			dependencies = (
			);
			name = MyGithub;
			packageProductDependencies = (
				2AC9E3112B54276C0088B76E /* Factory */,
			);
			productName = MyGithub;
			productReference = 2A8249702B519B9500EC14CE /* MyGithub.app */;
			productType = "com.apple.product-type.application";
		};
		2A82497F2B519B9600EC14CE /* MyGithubTests */ = {
			isa = PBXNativeTarget;
			buildConfigurationList = 2A8249972B519B9600EC14CE /* Build configuration list for PBXNativeTarget "MyGithubTests" */;
			buildPhases = (
				2A82497C2B519B9600EC14CE /* Sources */,
				2A82497D2B519B9600EC14CE /* Frameworks */,
				2A82497E2B519B9600EC14CE /* Resources */,
			);
			buildRules = (
			);
			dependencies = (
				2A8249822B519B9600EC14CE /* PBXTargetDependency */,
			);
			name = MyGithubTests;
			productName = MyGithubTests;
			productReference = 2A8249802B519B9600EC14CE /* MyGithubTests.xctest */;
			productType = "com.apple.product-type.bundle.unit-test";
		};
/* End PBXNativeTarget section */

/* Begin PBXProject section */
		2A8249682B519B9500EC14CE /* Project object */ = {
			isa = PBXProject;
			attributes = {
				BuildIndependentTargetsInParallel = 1;
				LastSwiftUpdateCheck = 1510;
				LastUpgradeCheck = 1510;
				TargetAttributes = {
					2A82496F2B519B9500EC14CE = {
						CreatedOnToolsVersion = 15.1;
					};
					2A82497F2B519B9600EC14CE = {
						CreatedOnToolsVersion = 15.1;
						TestTargetID = 2A82496F2B519B9500EC14CE;
					};
				};
			};
			buildConfigurationList = 2A82496B2B519B9500EC14CE /* Build configuration list for PBXProject "MyGithub" */;
			compatibilityVersion = "Xcode 14.0";
			developmentRegion = en;
			hasScannedForEncodings = 0;
			knownRegions = (
				en,
				Base,
			);
			mainGroup = 2A8249672B519B9500EC14CE;
			packageReferences = (
				2AC9E3102B54276C0088B76E /* XCRemoteSwiftPackageReference "Factory" */,
			);
			productRefGroup = 2A8249712B519B9500EC14CE /* Products */;
			projectDirPath = "";
			projectRoot = "";
			targets = (
				2A82496F2B519B9500EC14CE /* MyGithub */,
				2A82497F2B519B9600EC14CE /* MyGithubTests */,
			);
		};
/* End PBXProject section */

/* Begin PBXResourcesBuildPhase section */
		2A82496E2B519B9500EC14CE /* Resources */ = {
			isa = PBXResourcesBuildPhase;
			buildActionMask = 2147483647;
			files = (
				2A82497B2B519B9600EC14CE /* Preview Assets.xcassets in Resources */,
				2A8249782B519B9600EC14CE /* Assets.xcassets in Resources */,
			);
			runOnlyForDeploymentPostprocessing = 0;
		};
		2A82497E2B519B9600EC14CE /* Resources */ = {
			isa = PBXResourcesBuildPhase;
			buildActionMask = 2147483647;
			files = (
			);
			runOnlyForDeploymentPostprocessing = 0;
		};
/* End PBXResourcesBuildPhase section */

/* Begin PBXShellScriptBuildPhase section */
		2AC9E2FF2B53D2F10088B76E /* Run Swiftlint */ = {
			isa = PBXShellScriptBuildPhase;
			buildActionMask = 2147483647;
			files = (
			);
			inputFileListPaths = (
			);
			inputPaths = (
			);
			name = "Run Swiftlint";
			outputFileListPaths = (
			);
			outputPaths = (
			);
			runOnlyForDeploymentPostprocessing = 0;
			shellPath = /bin/sh;
			shellScript = "# Type a script or drag a script file from your workspace to insert its path.\nif which swiftlint >/dev/null; then\n  swiftlint\nelse\n  echo \"warning: SwiftLint not installed, download from https://github.com/realm/SwiftLint\"\nfi\n";
		};
/* End PBXShellScriptBuildPhase section */

/* Begin PBXSourcesBuildPhase section */
		2A82496C2B519B9500EC14CE /* Sources */ = {
			isa = PBXSourcesBuildPhase;
			buildActionMask = 2147483647;
			files = (
				2AC9E2FC2B526C410088B76E /* HomeView.swift in Sources */,
				2AC9E30F2B53E76C0088B76E /* Container.swift in Sources */,
				2A8249742B519B9500EC14CE /* MyGithubApp.swift in Sources */,
				2AC9E3022B53DB020088B76E /* Constant.swift in Sources */,
				2AC9E3072B53E1DD0088B76E /* View+Extension.swift in Sources */,
				2AC9E3042B53DD620088B76E /* HomeViewModel.swift in Sources */,
			);
			runOnlyForDeploymentPostprocessing = 0;
		};
		2A82497C2B519B9600EC14CE /* Sources */ = {
			isa = PBXSourcesBuildPhase;
			buildActionMask = 2147483647;
			files = (
				2A8249852B519B9600EC14CE /* MyGithubTests.swift in Sources */,
			);
			runOnlyForDeploymentPostprocessing = 0;
		};
/* End PBXSourcesBuildPhase section */

/* Begin PBXTargetDependency section */
		2A8249822B519B9600EC14CE /* PBXTargetDependency */ = {
			isa = PBXTargetDependency;
			target = 2A82496F2B519B9500EC14CE /* MyGithub */;
			targetProxy = 2A8249812B519B9600EC14CE /* PBXContainerItemProxy */;
		};
/* End PBXTargetDependency section */

/* Begin XCBuildConfiguration section */
		2A8249922B519B9600EC14CE /* Debug */ = {
			isa = XCBuildConfiguration;
			buildSettings = {
				ALWAYS_SEARCH_USER_PATHS = NO;
				ASSETCATALOG_COMPILER_GENERATE_SWIFT_ASSET_SYMBOL_EXTENSIONS = YES;
				CLANG_ANALYZER_NONNULL = YES;
				CLANG_ANALYZER_NUMBER_OBJECT_CONVERSION = YES_AGGRESSIVE;
				CLANG_CXX_LANGUAGE_STANDARD = "gnu++20";
				CLANG_ENABLE_MODULES = YES;
				CLANG_ENABLE_OBJC_ARC = YES;
				CLANG_ENABLE_OBJC_WEAK = YES;
				CLANG_WARN_BLOCK_CAPTURE_AUTORELEASING = YES;
				CLANG_WARN_BOOL_CONVERSION = YES;
				CLANG_WARN_COMMA = YES;
				CLANG_WARN_CONSTANT_CONVERSION = YES;
				CLANG_WARN_DEPRECATED_OBJC_IMPLEMENTATIONS = YES;
				CLANG_WARN_DIRECT_OBJC_ISA_USAGE = YES_ERROR;
				CLANG_WARN_DOCUMENTATION_COMMENTS = YES;
				CLANG_WARN_EMPTY_BODY = YES;
				CLANG_WARN_ENUM_CONVERSION = YES;
				CLANG_WARN_INFINITE_RECURSION = YES;
				CLANG_WARN_INT_CONVERSION = YES;
				CLANG_WARN_NON_LITERAL_NULL_CONVERSION = YES;
				CLANG_WARN_OBJC_IMPLICIT_RETAIN_SELF = YES;
				CLANG_WARN_OBJC_LITERAL_CONVERSION = YES;
				CLANG_WARN_OBJC_ROOT_CLASS = YES_ERROR;
				CLANG_WARN_QUOTED_INCLUDE_IN_FRAMEWORK_HEADER = YES;
				CLANG_WARN_RANGE_LOOP_ANALYSIS = YES;
				CLANG_WARN_STRICT_PROTOTYPES = YES;
				CLANG_WARN_SUSPICIOUS_MOVE = YES;
				CLANG_WARN_UNGUARDED_AVAILABILITY = YES_AGGRESSIVE;
				CLANG_WARN_UNREACHABLE_CODE = YES;
				CLANG_WARN__DUPLICATE_METHOD_MATCH = YES;
				COPY_PHASE_STRIP = NO;
				DEBUG_INFORMATION_FORMAT = dwarf;
				ENABLE_STRICT_OBJC_MSGSEND = YES;
				ENABLE_TESTABILITY = YES;
				ENABLE_USER_SCRIPT_SANDBOXING = YES;
				GCC_C_LANGUAGE_STANDARD = gnu17;
				GCC_DYNAMIC_NO_PIC = NO;
				GCC_NO_COMMON_BLOCKS = YES;
				GCC_OPTIMIZATION_LEVEL = 0;
				GCC_PREPROCESSOR_DEFINITIONS = (
					"DEBUG=1",
					"$(inherited)",
				);
				GCC_WARN_64_TO_32_BIT_CONVERSION = YES;
				GCC_WARN_ABOUT_RETURN_TYPE = YES_ERROR;
				GCC_WARN_UNDECLARED_SELECTOR = YES;
				GCC_WARN_UNINITIALIZED_AUTOS = YES_AGGRESSIVE;
				GCC_WARN_UNUSED_FUNCTION = YES;
				GCC_WARN_UNUSED_VARIABLE = YES;
				IPHONEOS_DEPLOYMENT_TARGET = 15.0;
				LOCALIZATION_PREFERS_STRING_CATALOGS = YES;
				MTL_ENABLE_DEBUG_INFO = INCLUDE_SOURCE;
				MTL_FAST_MATH = YES;
				ONLY_ACTIVE_ARCH = YES;
				SDKROOT = iphoneos;
				SWIFT_ACTIVE_COMPILATION_CONDITIONS = "DEBUG $(inherited)";
				SWIFT_OPTIMIZATION_LEVEL = "-Onone";
			};
			name = Debug;
		};
		2A8249932B519B9600EC14CE /* Release */ = {
			isa = XCBuildConfiguration;
			buildSettings = {
				ALWAYS_SEARCH_USER_PATHS = NO;
				ASSETCATALOG_COMPILER_GENERATE_SWIFT_ASSET_SYMBOL_EXTENSIONS = YES;
				CLANG_ANALYZER_NONNULL = YES;
				CLANG_ANALYZER_NUMBER_OBJECT_CONVERSION = YES_AGGRESSIVE;
				CLANG_CXX_LANGUAGE_STANDARD = "gnu++20";
				CLANG_ENABLE_MODULES = YES;
				CLANG_ENABLE_OBJC_ARC = YES;
				CLANG_ENABLE_OBJC_WEAK = YES;
				CLANG_WARN_BLOCK_CAPTURE_AUTORELEASING = YES;
				CLANG_WARN_BOOL_CONVERSION = YES;
				CLANG_WARN_COMMA = YES;
				CLANG_WARN_CONSTANT_CONVERSION = YES;
				CLANG_WARN_DEPRECATED_OBJC_IMPLEMENTATIONS = YES;
				CLANG_WARN_DIRECT_OBJC_ISA_USAGE = YES_ERROR;
				CLANG_WARN_DOCUMENTATION_COMMENTS = YES;
				CLANG_WARN_EMPTY_BODY = YES;
				CLANG_WARN_ENUM_CONVERSION = YES;
				CLANG_WARN_INFINITE_RECURSION = YES;
				CLANG_WARN_INT_CONVERSION = YES;
				CLANG_WARN_NON_LITERAL_NULL_CONVERSION = YES;
				CLANG_WARN_OBJC_IMPLICIT_RETAIN_SELF = YES;
				CLANG_WARN_OBJC_LITERAL_CONVERSION = YES;
				CLANG_WARN_OBJC_ROOT_CLASS = YES_ERROR;
				CLANG_WARN_QUOTED_INCLUDE_IN_FRAMEWORK_HEADER = YES;
				CLANG_WARN_RANGE_LOOP_ANALYSIS = YES;
				CLANG_WARN_STRICT_PROTOTYPES = YES;
				CLANG_WARN_SUSPICIOUS_MOVE = YES;
				CLANG_WARN_UNGUARDED_AVAILABILITY = YES_AGGRESSIVE;
				CLANG_WARN_UNREACHABLE_CODE = YES;
				CLANG_WARN__DUPLICATE_METHOD_MATCH = YES;
				COPY_PHASE_STRIP = NO;
				DEBUG_INFORMATION_FORMAT = "dwarf-with-dsym";
				ENABLE_NS_ASSERTIONS = NO;
				ENABLE_STRICT_OBJC_MSGSEND = YES;
				ENABLE_USER_SCRIPT_SANDBOXING = YES;
				GCC_C_LANGUAGE_STANDARD = gnu17;
				GCC_NO_COMMON_BLOCKS = YES;
				GCC_WARN_64_TO_32_BIT_CONVERSION = YES;
				GCC_WARN_ABOUT_RETURN_TYPE = YES_ERROR;
				GCC_WARN_UNDECLARED_SELECTOR = YES;
				GCC_WARN_UNINITIALIZED_AUTOS = YES_AGGRESSIVE;
				GCC_WARN_UNUSED_FUNCTION = YES;
				GCC_WARN_UNUSED_VARIABLE = YES;
				IPHONEOS_DEPLOYMENT_TARGET = 15.0;
				LOCALIZATION_PREFERS_STRING_CATALOGS = YES;
				MTL_ENABLE_DEBUG_INFO = NO;
				MTL_FAST_MATH = YES;
				SDKROOT = iphoneos;
				SWIFT_COMPILATION_MODE = wholemodule;
				VALIDATE_PRODUCT = YES;
			};
			name = Release;
		};
		2A8249952B519B9600EC14CE /* Debug */ = {
			isa = XCBuildConfiguration;
			buildSettings = {
				ASSETCATALOG_COMPILER_APPICON_NAME = AppIcon;
				ASSETCATALOG_COMPILER_GLOBAL_ACCENT_COLOR_NAME = AccentColor;
				CODE_SIGN_STYLE = Automatic;
				CURRENT_PROJECT_VERSION = 1;
				DEVELOPMENT_ASSET_PATHS = "\"MyGithub/Resources/Preview Content\"";
				DEVELOPMENT_TEAM = NLCYJ22AZZ;
				ENABLE_PREVIEWS = YES;
				GENERATE_INFOPLIST_FILE = YES;
				INFOPLIST_KEY_CFBundleDisplayName = "My Github";
				INFOPLIST_KEY_LSApplicationCategoryType = "public.app-category.developer-tools";
				INFOPLIST_KEY_UIApplicationSceneManifest_Generation = YES;
				INFOPLIST_KEY_UIApplicationSupportsIndirectInputEvents = YES;
				INFOPLIST_KEY_UILaunchScreen_Generation = YES;
				INFOPLIST_KEY_UISupportedInterfaceOrientations = UIInterfaceOrientationPortrait;
				INFOPLIST_KEY_UISupportedInterfaceOrientations_iPad = "UIInterfaceOrientationLandscapeLeft UIInterfaceOrientationLandscapeRight";
				IPHONEOS_DEPLOYMENT_TARGET = 15.0;
				LD_RUNPATH_SEARCH_PATHS = (
					"$(inherited)",
					"@executable_path/Frameworks",
				);
				MARKETING_VERSION = 1.0;
				PRODUCT_BUNDLE_IDENTIFIER = com.devhaute.MyGithub;
				PRODUCT_NAME = "$(TARGET_NAME)";
				SUPPORTED_PLATFORMS = "iphoneos iphonesimulator";
				SUPPORTS_MACCATALYST = NO;
				SUPPORTS_MAC_DESIGNED_FOR_IPHONE_IPAD = NO;
				SWIFT_EMIT_LOC_STRINGS = YES;
				SWIFT_VERSION = 5.0;
				TARGETED_DEVICE_FAMILY = "1,2";
			};
			name = Debug;
		};
		2A8249962B519B9600EC14CE /* Release */ = {
			isa = XCBuildConfiguration;
			buildSettings = {
				ASSETCATALOG_COMPILER_APPICON_NAME = AppIcon;
				ASSETCATALOG_COMPILER_GLOBAL_ACCENT_COLOR_NAME = AccentColor;
				CODE_SIGN_STYLE = Automatic;
				CURRENT_PROJECT_VERSION = 1;
				DEVELOPMENT_ASSET_PATHS = "\"MyGithub/Resources/Preview Content\"";
				DEVELOPMENT_TEAM = NLCYJ22AZZ;
				ENABLE_PREVIEWS = YES;
				GENERATE_INFOPLIST_FILE = YES;
				INFOPLIST_KEY_CFBundleDisplayName = "My Github";
				INFOPLIST_KEY_LSApplicationCategoryType = "public.app-category.developer-tools";
				INFOPLIST_KEY_UIApplicationSceneManifest_Generation = YES;
				INFOPLIST_KEY_UIApplicationSupportsIndirectInputEvents = YES;
				INFOPLIST_KEY_UILaunchScreen_Generation = YES;
				INFOPLIST_KEY_UISupportedInterfaceOrientations = UIInterfaceOrientationPortrait;
				INFOPLIST_KEY_UISupportedInterfaceOrientations_iPad = "UIInterfaceOrientationLandscapeLeft UIInterfaceOrientationLandscapeRight";
				IPHONEOS_DEPLOYMENT_TARGET = 15.0;
				LD_RUNPATH_SEARCH_PATHS = (
					"$(inherited)",
					"@executable_path/Frameworks",
				);
				MARKETING_VERSION = 1.0;
				PRODUCT_BUNDLE_IDENTIFIER = com.devhaute.MyGithub;
				PRODUCT_NAME = "$(TARGET_NAME)";
				SUPPORTED_PLATFORMS = "iphoneos iphonesimulator";
				SUPPORTS_MACCATALYST = NO;
				SUPPORTS_MAC_DESIGNED_FOR_IPHONE_IPAD = NO;
				SWIFT_EMIT_LOC_STRINGS = YES;
				SWIFT_VERSION = 5.0;
				TARGETED_DEVICE_FAMILY = "1,2";
			};
			name = Release;
		};
		2A8249982B519B9600EC14CE /* Debug */ = {
			isa = XCBuildConfiguration;
			buildSettings = {
				ALWAYS_EMBED_SWIFT_STANDARD_LIBRARIES = YES;
				BUNDLE_LOADER = "$(TEST_HOST)";
				CODE_SIGN_STYLE = Automatic;
				CURRENT_PROJECT_VERSION = 1;
				DEVELOPMENT_TEAM = NLCYJ22AZZ;
				GENERATE_INFOPLIST_FILE = YES;
				IPHONEOS_DEPLOYMENT_TARGET = 15.0;
				MARKETING_VERSION = 1.0;
				PRODUCT_BUNDLE_IDENTIFIER = com.devhaute.MyGithubTests;
				PRODUCT_NAME = "$(TARGET_NAME)";
				SWIFT_EMIT_LOC_STRINGS = NO;
				SWIFT_VERSION = 5.0;
				TARGETED_DEVICE_FAMILY = "1,2";
				TEST_HOST = "$(BUILT_PRODUCTS_DIR)/MyGithub.app/$(BUNDLE_EXECUTABLE_FOLDER_PATH)/MyGithub";
			};
			name = Debug;
		};
		2A8249992B519B9600EC14CE /* Release */ = {
			isa = XCBuildConfiguration;
			buildSettings = {
				ALWAYS_EMBED_SWIFT_STANDARD_LIBRARIES = YES;
				BUNDLE_LOADER = "$(TEST_HOST)";
				CODE_SIGN_STYLE = Automatic;
				CURRENT_PROJECT_VERSION = 1;
				DEVELOPMENT_TEAM = NLCYJ22AZZ;
				GENERATE_INFOPLIST_FILE = YES;
				IPHONEOS_DEPLOYMENT_TARGET = 15.0;
				MARKETING_VERSION = 1.0;
				PRODUCT_BUNDLE_IDENTIFIER = com.devhaute.MyGithubTests;
				PRODUCT_NAME = "$(TARGET_NAME)";
				SWIFT_EMIT_LOC_STRINGS = NO;
				SWIFT_VERSION = 5.0;
				TARGETED_DEVICE_FAMILY = "1,2";
				TEST_HOST = "$(BUILT_PRODUCTS_DIR)/MyGithub.app/$(BUNDLE_EXECUTABLE_FOLDER_PATH)/MyGithub";
			};
			name = Release;
		};
/* End XCBuildConfiguration section */

/* Begin XCConfigurationList section */
		2A82496B2B519B9500EC14CE /* Build configuration list for PBXProject "MyGithub" */ = {
			isa = XCConfigurationList;
			buildConfigurations = (
				2A8249922B519B9600EC14CE /* Debug */,
				2A8249932B519B9600EC14CE /* Release */,
			);
			defaultConfigurationIsVisible = 0;
			defaultConfigurationName = Release;
		};
		2A8249942B519B9600EC14CE /* Build configuration list for PBXNativeTarget "MyGithub" */ = {
			isa = XCConfigurationList;
			buildConfigurations = (
				2A8249952B519B9600EC14CE /* Debug */,
				2A8249962B519B9600EC14CE /* Release */,
			);
			defaultConfigurationIsVisible = 0;
			defaultConfigurationName = Release;
		};
		2A8249972B519B9600EC14CE /* Build configuration list for PBXNativeTarget "MyGithubTests" */ = {
			isa = XCConfigurationList;
			buildConfigurations = (
				2A8249982B519B9600EC14CE /* Debug */,
				2A8249992B519B9600EC14CE /* Release */,
			);
			defaultConfigurationIsVisible = 0;
			defaultConfigurationName = Release;
		};
/* End XCConfigurationList section */

/* Begin XCRemoteSwiftPackageReference section */
		2AC9E3102B54276C0088B76E /* XCRemoteSwiftPackageReference "Factory" */ = {
			isa = XCRemoteSwiftPackageReference;
			repositoryURL = "https://github.com/hmlongco/Factory.git";
			requirement = {
				kind = upToNextMajorVersion;
				minimumVersion = 2.3.1;
			};
		};
/* End XCRemoteSwiftPackageReference section */

/* Begin XCSwiftPackageProductDependency section */
		2AC9E3112B54276C0088B76E /* Factory */ = {
			isa = XCSwiftPackageProductDependency;
			package = 2AC9E3102B54276C0088B76E /* XCRemoteSwiftPackageReference "Factory" */;
			productName = Factory;
		};
/* End XCSwiftPackageProductDependency section */
	};
	rootObject = 2A8249682B519B9500EC14CE /* Project object */;
}
